
Microsoft Visual Studio Solution File, Format Version 12.00
# Visual Studio Version 17
VisualStudioVersion = 17.0.32112.339
MinimumVisualStudioVersion = 10.0.40219.1
Project("{FAE04EC0-301F-11D3-BF4B-00C04F79EFBC}") = "Ejercicio_3", "Ejercicio_3\Ejercicio_3.csproj", "{61F0A1D1-B9BA-4D56-A861-E387C7F6144E}"
EndProject
Global
	GlobalSection(SolutionConfigurationPlatforms) = preSolution
		Debug|Any CPU = Debug|Any CPU
		Release|Any CPU = Release|Any CPU
	EndGlobalSection
	GlobalSection(ProjectConfigurationPlatforms) = postSolution
		{61F0A1D1-B9BA-4D56-A861-E387C7F6144E}.Debug|Any CPU.ActiveCfg = Debug|Any CPU
		{61F0A1D1-B9BA-4D56-A861-E387C7F6144E}.Debug|Any CPU.Build.0 = Debug|Any CPU
		{61F0A1D1-B9BA-4D56-A861-E387C7F6144E}.Release|Any CPU.ActiveCfg = Release|Any CPU
		{61F0A1D1-B9BA-4D56-A861-E387C7F6144E}.Release|Any CPU.Build.0 = Release|Any CPU
	EndGlobalSection
	GlobalSection(SolutionProperties) = preSolution
		HideSolutionNode = FALSE
	EndGlobalSection
	GlobalSection(ExtensibilityGlobals) = postSolution
		SolutionGuid = {2BB32CF4-8087-4E29-BFF3-038FD1B2B623}
	EndGlobalSection
EndGlobal
