
Microsoft Visual Studio Solution File, Format Version 12.00
# Visual Studio Version 17
VisualStudioVersion = 17.0.32112.339
MinimumVisualStudioVersion = 10.0.40219.1
Project("{FAE04EC0-301F-11D3-BF4B-00C04F79EFBC}") = "Ejercicio_2", "Ejercicio_2\Ejercicio_2.csproj", "{E696E784-05C5-4154-A830-9271D494F819}"
EndProject
Project("{FAE04EC0-301F-11D3-BF4B-00C04F79EFBC}") = "Ejercicio_9", "Ejercicio_9\Ejercicio_9.csproj", "{1AAEE1F5-01C0-4B7A-BF25-4A59536015FB}"
EndProject
Project("{FAE04EC0-301F-11D3-BF4B-00C04F79EFBC}") = "Ejercicio_13", "Ejercicio_13\Ejercicio_13.csproj", "{A7205FAB-9061-4115-9067-47D1491D0F4E}"
EndProject
Global
	GlobalSection(SolutionConfigurationPlatforms) = preSolution
		Debug|Any CPU = Debug|Any CPU
		Release|Any CPU = Release|Any CPU
	EndGlobalSection
	GlobalSection(ProjectConfigurationPlatforms) = postSolution
		{E696E784-05C5-4154-A830-9271D494F819}.Debug|Any CPU.ActiveCfg = Debug|Any CPU
		{E696E784-05C5-4154-A830-9271D494F819}.Debug|Any CPU.Build.0 = Debug|Any CPU
		{E696E784-05C5-4154-A830-9271D494F819}.Release|Any CPU.ActiveCfg = Release|Any CPU
		{E696E784-05C5-4154-A830-9271D494F819}.Release|Any CPU.Build.0 = Release|Any CPU
		{1AAEE1F5-01C0-4B7A-BF25-4A59536015FB}.Debug|Any CPU.ActiveCfg = Debug|Any CPU
		{1AAEE1F5-01C0-4B7A-BF25-4A59536015FB}.Debug|Any CPU.Build.0 = Debug|Any CPU
		{1AAEE1F5-01C0-4B7A-BF25-4A59536015FB}.Release|Any CPU.ActiveCfg = Release|Any CPU
		{1AAEE1F5-01C0-4B7A-BF25-4A59536015FB}.Release|Any CPU.Build.0 = Release|Any CPU
		{A7205FAB-9061-4115-9067-47D1491D0F4E}.Debug|Any CPU.ActiveCfg = Debug|Any CPU
		{A7205FAB-9061-4115-9067-47D1491D0F4E}.Debug|Any CPU.Build.0 = Debug|Any CPU
		{A7205FAB-9061-4115-9067-47D1491D0F4E}.Release|Any CPU.ActiveCfg = Release|Any CPU
		{A7205FAB-9061-4115-9067-47D1491D0F4E}.Release|Any CPU.Build.0 = Release|Any CPU
	EndGlobalSection
	GlobalSection(SolutionProperties) = preSolution
		HideSolutionNode = FALSE
	EndGlobalSection
	GlobalSection(ExtensibilityGlobals) = postSolution
		SolutionGuid = {B3A34042-2624-4081-BDDC-514C84ACA593}
	EndGlobalSection
EndGlobal
